lockfileVersion: '6.0'

settings:
  autoInstallPeers: true
  excludeLinksFromLockfile: false

dependencies:
  tiddlywiki:
    specifier: ^5.3.1
    version: 5.3.1

packages:

  /tiddlywiki@5.3.1:
    resolution: {integrity: sha512-17uoTt8w3wvqaF1fqulHeeR86984N0eC8fgd0Ql1LIKgrHRu1+M3fBW8V/ikofU2s74xr6S1efREHaA2zyhe1w==}
    engines: {node: '>=0.8.2'}
    hasBin: true
    dev: false
    bundledDependencies: []
